
Microsoft Visual Studio Solution File, Format Version 12.00
# Visual Studio 2013
VisualStudioVersion = 12.0.21005.1
MinimumVisualStudioVersion = 10.0.40219.1
Project("{2150E333-8FDC-42A3-9474-1A3956D46DE8}") = "Others", "Others", "{E04411A2-0CD7-4046-8E2D-335C0409E8BC}"
EndProject
Project("{8BC9CEB8-8B4A-11D0-8D11-00A0C91BC942}") = "Console", "Projects\Others\Console\Console.vcxproj", "{53708158-DF35-4377-9D26-6DD516015D94}"
	ProjectSection(ProjectDependencies) = postProject
		{EFDD998F-0124-464E-91B2-D0D656E1F802} = {EFDD998F-0124-464E-91B2-D0D656E1F802}
	EndProjectSection
EndProject
Project("{2150E333-8FDC-42A3-9474-1A3956D46DE8}") = "Libraries", "Libraries", "{BC471CF9-4E34-4E72-9BFE-FFC5A58A4F6A}"
EndProject
Project("{8BC9CEB8-8B4A-11D0-8D11-00A0C91BC942}") = "Common", "Projects\Libraries\Common\Common.vcxproj", "{EFDD998F-0124-464E-91B2-D0D656E1F802}"
EndProject
Project("{2150E333-8FDC-42A3-9474-1A3956D46DE8}") = "Testing", "Testing", "{28E9180D-DB34-48DD-A805-94ED66AEDE12}"
EndProject
Project("{2150E333-8FDC-42A3-9474-1A3956D46DE8}") = "Libraries", "Libraries", "{CE3D9D4A-C69D-4B3E-8104-E4473CE375F6}"
EndProject
Project("{8BC9CEB8-8B4A-11D0-8D11-00A0C91BC942}") = "Common_Testing", "Projects\Testing\Libraries\Common_Testing\Common_Testing.vcxproj", "{A8DB9FD8-B943-4AFA-AD65-0E68E069B12B}"
	ProjectSection(ProjectDependencies) = postProject
		{EFDD998F-0124-464E-91B2-D0D656E1F802} = {EFDD998F-0124-464E-91B2-D0D656E1F802}
	EndProjectSection
EndProject
Project("{2150E333-8FDC-42A3-9474-1A3956D46DE8}") = "Examples", "Examples", "{1B76DF98-9B07-45AF-857F-96CCDEE0ACB8}"
EndProject
Project("{8BC9CEB8-8B4A-11D0-8D11-00A0C91BC942}") = "Example_WeakCollection", "Projects\Others\Examples\Example_WeakCollection\Example_WeakCollection.vcxproj", "{F2D70179-17CD-4194-AC72-FE4422DAA71F}"
	ProjectSection(ProjectDependencies) = postProject
		{EFDD998F-0124-464E-91B2-D0D656E1F802} = {EFDD998F-0124-464E-91B2-D0D656E1F802}
	EndProjectSection
EndProject
Project("{2150E333-8FDC-42A3-9474-1A3956D46DE8}") = "Sketches", "Sketches", "{8E5F34B7-41B9-482B-8410-DE435C6A927B}"
EndProject
Project("{8BC9CEB8-8B4A-11D0-8D11-00A0C91BC942}") = "Sketch_BasicGameClass", "Projects\Others\Sketches\Sketch_BasicGameClass\Sketch_BasicGameClass.vcxproj", "{46710742-4294-42C1-81D4-780415CB5EEE}"
EndProject
Project("{8BC9CEB8-8B4A-11D0-8D11-00A0C91BC942}") = "Sketch_Brothel", "Projects\Others\Sketches\Sketch_Brothel\Sketch_Brothel.vcxproj", "{0309D42D-75FC-413E-AA50-9B4156FC452E}"
EndProject
Project("{8BC9CEB8-8B4A-11D0-8D11-00A0C91BC942}") = "Sketch_Desert", "Projects\Others\Sketches\Sketch_Desert\Sketch_Desert.vcxproj", "{350C52C4-2669-470D-8690-DCE554C2A088}"
EndProject
Project("{8BC9CEB8-8B4A-11D0-8D11-00A0C91BC942}") = "Graphics", "Projects\Libraries\Graphics\Graphics.vcxproj", "{D4AC62D8-08FF-4BCC-8D9A-860F1D2CBAB3}"
	ProjectSection(ProjectDependencies) = postProject
		{EFDD998F-0124-464E-91B2-D0D656E1F802} = {EFDD998F-0124-464E-91B2-D0D656E1F802}
	EndProjectSection
EndProject
Project("{8BC9CEB8-8B4A-11D0-8D11-00A0C91BC942}") = "OpenGL Graphics", "Projects\Libraries\OpenGL Graphics\OpenGL Graphics.vcxproj", "{E19759B7-10C2-4DA0-8B79-38BDF6260227}"
	ProjectSection(ProjectDependencies) = postProject
		{D4AC62D8-08FF-4BCC-8D9A-860F1D2CBAB3} = {D4AC62D8-08FF-4BCC-8D9A-860F1D2CBAB3}
	EndProjectSection
EndProject
Project("{8BC9CEB8-8B4A-11D0-8D11-00A0C91BC942}") = "Example_Graphics", "Projects\Others\Examples\Example_Graphics\Example_Graphics.vcxproj", "{4ADD7496-8CCD-463D-B46A-F91BF538DD22}"
	ProjectSection(ProjectDependencies) = postProject
		{E19759B7-10C2-4DA0-8B79-38BDF6260227} = {E19759B7-10C2-4DA0-8B79-38BDF6260227}
		{4225C8BD-F1A2-4F69-AAE6-2D33C071D419} = {4225C8BD-F1A2-4F69-AAE6-2D33C071D419}
		{D4AC62D8-08FF-4BCC-8D9A-860F1D2CBAB3} = {D4AC62D8-08FF-4BCC-8D9A-860F1D2CBAB3}
	EndProjectSection
EndProject
Project("{8BC9CEB8-8B4A-11D0-8D11-00A0C91BC942}") = "Windows Graphics", "Projects\Libraries\Windows Graphics\Windows Graphics.vcxproj", "{4225C8BD-F1A2-4F69-AAE6-2D33C071D419}"
	ProjectSection(ProjectDependencies) = postProject
		{EFDD998F-0124-464E-91B2-D0D656E1F802} = {EFDD998F-0124-464E-91B2-D0D656E1F802}
		{D4AC62D8-08FF-4BCC-8D9A-860F1D2CBAB3} = {D4AC62D8-08FF-4BCC-8D9A-860F1D2CBAB3}
	EndProjectSection
EndProject
Project("{8BC9CEB8-8B4A-11D0-8D11-00A0C91BC942}") = "OpenGL", "Projects\Libraries\OpenGL\OpenGL.vcxproj", "{24DB1790-6F03-43E6-90A3-DB568AF79E09}"
EndProject
Project("{8BC9CEB8-8B4A-11D0-8D11-00A0C91BC942}") = "Example_RawOpenGL", "Projects\Others\Examples\Example_RawOpenGL\Example_RawOpenGL.vcxproj", "{D46039C6-8EDF-4382-9395-DCE91889F658}"
EndProject
Global
	GlobalSection(SolutionConfigurationPlatforms) = preSolution
		Debug|Win32 = Debug|Win32
		Release|Win32 = Release|Win32
	EndGlobalSection
	GlobalSection(ProjectConfigurationPlatforms) = postSolution
		{53708158-DF35-4377-9D26-6DD516015D94}.Debug|Win32.ActiveCfg = Debug|Win32
		{53708158-DF35-4377-9D26-6DD516015D94}.Debug|Win32.Build.0 = Debug|Win32
		{53708158-DF35-4377-9D26-6DD516015D94}.Release|Win32.ActiveCfg = Release|Win32
		{53708158-DF35-4377-9D26-6DD516015D94}.Release|Win32.Build.0 = Release|Win32
		{EFDD998F-0124-464E-91B2-D0D656E1F802}.Debug|Win32.ActiveCfg = Debug|Win32
		{EFDD998F-0124-464E-91B2-D0D656E1F802}.Debug|Win32.Build.0 = Debug|Win32
		{EFDD998F-0124-464E-91B2-D0D656E1F802}.Release|Win32.ActiveCfg = Release|Win32
		{EFDD998F-0124-464E-91B2-D0D656E1F802}.Release|Win32.Build.0 = Release|Win32
		{A8DB9FD8-B943-4AFA-AD65-0E68E069B12B}.Debug|Win32.ActiveCfg = Debug|Win32
		{A8DB9FD8-B943-4AFA-AD65-0E68E069B12B}.Debug|Win32.Build.0 = Debug|Win32
		{A8DB9FD8-B943-4AFA-AD65-0E68E069B12B}.Release|Win32.ActiveCfg = Release|Win32
		{A8DB9FD8-B943-4AFA-AD65-0E68E069B12B}.Release|Win32.Build.0 = Release|Win32
		{F2D70179-17CD-4194-AC72-FE4422DAA71F}.Debug|Win32.ActiveCfg = Debug|Win32
		{F2D70179-17CD-4194-AC72-FE4422DAA71F}.Debug|Win32.Build.0 = Debug|Win32
		{F2D70179-17CD-4194-AC72-FE4422DAA71F}.Release|Win32.ActiveCfg = Release|Win32
		{F2D70179-17CD-4194-AC72-FE4422DAA71F}.Release|Win32.Build.0 = Release|Win32
		{46710742-4294-42C1-81D4-780415CB5EEE}.Debug|Win32.ActiveCfg = Debug|Win32
		{46710742-4294-42C1-81D4-780415CB5EEE}.Debug|Win32.Build.0 = Debug|Win32
		{46710742-4294-42C1-81D4-780415CB5EEE}.Release|Win32.ActiveCfg = Release|Win32
		{46710742-4294-42C1-81D4-780415CB5EEE}.Release|Win32.Build.0 = Release|Win32
		{0309D42D-75FC-413E-AA50-9B4156FC452E}.Debug|Win32.ActiveCfg = Debug|Win32
		{0309D42D-75FC-413E-AA50-9B4156FC452E}.Debug|Win32.Build.0 = Debug|Win32
		{0309D42D-75FC-413E-AA50-9B4156FC452E}.Release|Win32.ActiveCfg = Release|Win32
		{0309D42D-75FC-413E-AA50-9B4156FC452E}.Release|Win32.Build.0 = Release|Win32
		{350C52C4-2669-470D-8690-DCE554C2A088}.Debug|Win32.ActiveCfg = Debug|Win32
		{350C52C4-2669-470D-8690-DCE554C2A088}.Debug|Win32.Build.0 = Debug|Win32
		{350C52C4-2669-470D-8690-DCE554C2A088}.Release|Win32.ActiveCfg = Release|Win32
		{350C52C4-2669-470D-8690-DCE554C2A088}.Release|Win32.Build.0 = Release|Win32
		{D4AC62D8-08FF-4BCC-8D9A-860F1D2CBAB3}.Debug|Win32.ActiveCfg = Debug|Win32
		{D4AC62D8-08FF-4BCC-8D9A-860F1D2CBAB3}.Debug|Win32.Build.0 = Debug|Win32
		{D4AC62D8-08FF-4BCC-8D9A-860F1D2CBAB3}.Release|Win32.ActiveCfg = Release|Win32
		{D4AC62D8-08FF-4BCC-8D9A-860F1D2CBAB3}.Release|Win32.Build.0 = Release|Win32
		{E19759B7-10C2-4DA0-8B79-38BDF6260227}.Debug|Win32.ActiveCfg = Debug|Win32
		{E19759B7-10C2-4DA0-8B79-38BDF6260227}.Debug|Win32.Build.0 = Debug|Win32
		{E19759B7-10C2-4DA0-8B79-38BDF6260227}.Release|Win32.ActiveCfg = Release|Win32
		{E19759B7-10C2-4DA0-8B79-38BDF6260227}.Release|Win32.Build.0 = Release|Win32
		{4ADD7496-8CCD-463D-B46A-F91BF538DD22}.Debug|Win32.ActiveCfg = Debug|Win32
		{4ADD7496-8CCD-463D-B46A-F91BF538DD22}.Debug|Win32.Build.0 = Debug|Win32
		{4ADD7496-8CCD-463D-B46A-F91BF538DD22}.Release|Win32.ActiveCfg = Release|Win32
		{4ADD7496-8CCD-463D-B46A-F91BF538DD22}.Release|Win32.Build.0 = Release|Win32
		{4225C8BD-F1A2-4F69-AAE6-2D33C071D419}.Debug|Win32.ActiveCfg = Debug|Win32
		{4225C8BD-F1A2-4F69-AAE6-2D33C071D419}.Debug|Win32.Build.0 = Debug|Win32
		{4225C8BD-F1A2-4F69-AAE6-2D33C071D419}.Release|Win32.ActiveCfg = Release|Win32
		{4225C8BD-F1A2-4F69-AAE6-2D33C071D419}.Release|Win32.Build.0 = Release|Win32
		{24DB1790-6F03-43E6-90A3-DB568AF79E09}.Debug|Win32.ActiveCfg = Debug|Win32
		{24DB1790-6F03-43E6-90A3-DB568AF79E09}.Debug|Win32.Build.0 = Debug|Win32
		{24DB1790-6F03-43E6-90A3-DB568AF79E09}.Release|Win32.ActiveCfg = Release|Win32
		{24DB1790-6F03-43E6-90A3-DB568AF79E09}.Release|Win32.Build.0 = Release|Win32
		{D46039C6-8EDF-4382-9395-DCE91889F658}.Debug|Win32.ActiveCfg = Debug|Win32
		{D46039C6-8EDF-4382-9395-DCE91889F658}.Debug|Win32.Build.0 = Debug|Win32
		{D46039C6-8EDF-4382-9395-DCE91889F658}.Release|Win32.ActiveCfg = Release|Win32
		{D46039C6-8EDF-4382-9395-DCE91889F658}.Release|Win32.Build.0 = Release|Win32
	EndGlobalSection
	GlobalSection(SolutionProperties) = preSolution
		HideSolutionNode = FALSE
	EndGlobalSection
	GlobalSection(NestedProjects) = preSolution
		{53708158-DF35-4377-9D26-6DD516015D94} = {E04411A2-0CD7-4046-8E2D-335C0409E8BC}
		{1B76DF98-9B07-45AF-857F-96CCDEE0ACB8} = {E04411A2-0CD7-4046-8E2D-335C0409E8BC}
		{8E5F34B7-41B9-482B-8410-DE435C6A927B} = {E04411A2-0CD7-4046-8E2D-335C0409E8BC}
		{EFDD998F-0124-464E-91B2-D0D656E1F802} = {BC471CF9-4E34-4E72-9BFE-FFC5A58A4F6A}
		{D4AC62D8-08FF-4BCC-8D9A-860F1D2CBAB3} = {BC471CF9-4E34-4E72-9BFE-FFC5A58A4F6A}
		{E19759B7-10C2-4DA0-8B79-38BDF6260227} = {BC471CF9-4E34-4E72-9BFE-FFC5A58A4F6A}
		{4225C8BD-F1A2-4F69-AAE6-2D33C071D419} = {BC471CF9-4E34-4E72-9BFE-FFC5A58A4F6A}
		{24DB1790-6F03-43E6-90A3-DB568AF79E09} = {BC471CF9-4E34-4E72-9BFE-FFC5A58A4F6A}
		{CE3D9D4A-C69D-4B3E-8104-E4473CE375F6} = {28E9180D-DB34-48DD-A805-94ED66AEDE12}
		{A8DB9FD8-B943-4AFA-AD65-0E68E069B12B} = {CE3D9D4A-C69D-4B3E-8104-E4473CE375F6}
		{F2D70179-17CD-4194-AC72-FE4422DAA71F} = {1B76DF98-9B07-45AF-857F-96CCDEE0ACB8}
		{4ADD7496-8CCD-463D-B46A-F91BF538DD22} = {1B76DF98-9B07-45AF-857F-96CCDEE0ACB8}
		{D46039C6-8EDF-4382-9395-DCE91889F658} = {1B76DF98-9B07-45AF-857F-96CCDEE0ACB8}
		{46710742-4294-42C1-81D4-780415CB5EEE} = {8E5F34B7-41B9-482B-8410-DE435C6A927B}
		{0309D42D-75FC-413E-AA50-9B4156FC452E} = {8E5F34B7-41B9-482B-8410-DE435C6A927B}
		{350C52C4-2669-470D-8690-DCE554C2A088} = {8E5F34B7-41B9-482B-8410-DE435C6A927B}
	EndGlobalSection
EndGlobal
